
Microsoft Visual Studio Solution File, Format Version 12.00
# Visual Studio Version 17
VisualStudioVersion = 17.8.34525.116
MinimumVisualStudioVersion = 10.0.40219.1
Project("{9A19103F-16F7-4668-BE54-9A1E7A4F7556}") = "Hiwu.SpecificationPattern.SampleApi", "Hiwu.SpecificationPattern.SampleApi\Hiwu.SpecificationPattern.SampleApi.csproj", "{BBCF1672-3A63-421B-B28F-ADA752F913DE}"
EndProject
Project("{9A19103F-16F7-4668-BE54-9A1E7A4F7556}") = "Hiwu.SpecificationPattern.Domain", "Hiwu.SpecificationPattern.Domain\Hiwu.SpecificationPattern.Domain.csproj", "{A7155758-74E0-4B4C-B019-BC4335721098}"
EndProject
Project("{9A19103F-16F7-4668-BE54-9A1E7A4F7556}") = "Hiwu.SpecificationPattern.Shared", "Hiwu.SpecificationPattern.Shared\Hiwu.SpecificationPattern.Shared.csproj", "{D472588E-EFD1-4B4A-8B36-58223E0B0574}"
EndProject
Project("{9A19103F-16F7-4668-BE54-9A1E7A4F7556}") = "Hiwu.SpecificationPattern.SignalR", "Hiwu.SpecificationPattern.SignalR\Hiwu.SpecificationPattern.SignalR.csproj", "{957B14D8-365C-448A-915C-4C842A100938}"
EndProject
Project("{2150E333-8FDC-42A3-9474-1A3956D46DE8}") = "Core", "Core", "{88D7339B-D38A-4B61-BF55-6BC127D0EAA5}"
EndProject
Project("{9A19103F-16F7-4668-BE54-9A1E7A4F7556}") = "Hiwu.SpecificationPattern.Application", "Hiwu.SpecificationPattern.Application\Hiwu.SpecificationPattern.Application.csproj", "{3F357DE7-DBB5-458E-8405-EA09748945F5}"
EndProject
Project("{2150E333-8FDC-42A3-9474-1A3956D46DE8}") = "Infrastructure", "Infrastructure", "{DA7F6B62-5ACE-4AA2-9CA3-CA5E7A88966B}"
EndProject
Project("{9A19103F-16F7-4668-BE54-9A1E7A4F7556}") = "Hiwu.SpecificationPattern.Persistence", "Hiwu.SpecificationPattern.Persistence\Hiwu.SpecificationPattern.Persistence.csproj", "{AD6F3927-DA6B-47BC-9365-1BBE7BD87E75}"
EndProject
Project("{2150E333-8FDC-42A3-9474-1A3956D46DE8}") = "WebApi", "WebApi", "{40F7A338-16C8-470E-A3B9-A34C8E401213}"
EndProject
Project("{9A19103F-16F7-4668-BE54-9A1E7A4F7556}") = "Hiwu.SpecificationPattern.Caching", "Hiwu.SpecificationPattern.Caching\Hiwu.SpecificationPattern.Caching.csproj", "{DA4CD0C9-A81A-4CAF-BBA3-A93B25FD0C80}"
EndProject
Project("{FAE04EC0-301F-11D3-BF4B-00C04F79EFBC}") = "Hiwu.SpecificationPattern.Mongo", "Hiwu.SpecificationPattern.Mongo\Hiwu.SpecificationPattern.Mongo.csproj", "{13B70B64-7B67-4F67-9BF8-C3F54EA9C311}"
EndProject
Project("{FAE04EC0-301F-11D3-BF4B-00C04F79EFBC}") = "Hiwu.SpecificationPattern.Identity", "Hiwu.SpecificationPattern.Identity\Hiwu.SpecificationPattern.Identity.csproj", "{DF59F21C-422C-4EAD-BFD7-236082407894}"
EndProject
Global
	GlobalSection(SolutionConfigurationPlatforms) = preSolution
		Debug|Any CPU = Debug|Any CPU
		Release|Any CPU = Release|Any CPU
	EndGlobalSection
	GlobalSection(ProjectConfigurationPlatforms) = postSolution
		{BBCF1672-3A63-421B-B28F-ADA752F913DE}.Debug|Any CPU.ActiveCfg = Debug|Any CPU
		{BBCF1672-3A63-421B-B28F-ADA752F913DE}.Debug|Any CPU.Build.0 = Debug|Any CPU
		{BBCF1672-3A63-421B-B28F-ADA752F913DE}.Release|Any CPU.ActiveCfg = Release|Any CPU
		{BBCF1672-3A63-421B-B28F-ADA752F913DE}.Release|Any CPU.Build.0 = Release|Any CPU
		{A7155758-74E0-4B4C-B019-BC4335721098}.Debug|Any CPU.ActiveCfg = Debug|Any CPU
		{A7155758-74E0-4B4C-B019-BC4335721098}.Debug|Any CPU.Build.0 = Debug|Any CPU
		{A7155758-74E0-4B4C-B019-BC4335721098}.Release|Any CPU.ActiveCfg = Release|Any CPU
		{A7155758-74E0-4B4C-B019-BC4335721098}.Release|Any CPU.Build.0 = Release|Any CPU
		{D472588E-EFD1-4B4A-8B36-58223E0B0574}.Debug|Any CPU.ActiveCfg = Debug|Any CPU
		{D472588E-EFD1-4B4A-8B36-58223E0B0574}.Debug|Any CPU.Build.0 = Debug|Any CPU
		{D472588E-EFD1-4B4A-8B36-58223E0B0574}.Release|Any CPU.ActiveCfg = Release|Any CPU
		{D472588E-EFD1-4B4A-8B36-58223E0B0574}.Release|Any CPU.Build.0 = Release|Any CPU
		{957B14D8-365C-448A-915C-4C842A100938}.Debug|Any CPU.ActiveCfg = Debug|Any CPU
		{957B14D8-365C-448A-915C-4C842A100938}.Debug|Any CPU.Build.0 = Debug|Any CPU
		{957B14D8-365C-448A-915C-4C842A100938}.Release|Any CPU.ActiveCfg = Release|Any CPU
		{957B14D8-365C-448A-915C-4C842A100938}.Release|Any CPU.Build.0 = Release|Any CPU
		{3F357DE7-DBB5-458E-8405-EA09748945F5}.Debug|Any CPU.ActiveCfg = Debug|Any CPU
		{3F357DE7-DBB5-458E-8405-EA09748945F5}.Debug|Any CPU.Build.0 = Debug|Any CPU
		{3F357DE7-DBB5-458E-8405-EA09748945F5}.Release|Any CPU.ActiveCfg = Release|Any CPU
		{3F357DE7-DBB5-458E-8405-EA09748945F5}.Release|Any CPU.Build.0 = Release|Any CPU
		{AD6F3927-DA6B-47BC-9365-1BBE7BD87E75}.Debug|Any CPU.ActiveCfg = Debug|Any CPU
		{AD6F3927-DA6B-47BC-9365-1BBE7BD87E75}.Debug|Any CPU.Build.0 = Debug|Any CPU
		{AD6F3927-DA6B-47BC-9365-1BBE7BD87E75}.Release|Any CPU.ActiveCfg = Release|Any CPU
		{AD6F3927-DA6B-47BC-9365-1BBE7BD87E75}.Release|Any CPU.Build.0 = Release|Any CPU
		{DA4CD0C9-A81A-4CAF-BBA3-A93B25FD0C80}.Debug|Any CPU.ActiveCfg = Debug|Any CPU
		{DA4CD0C9-A81A-4CAF-BBA3-A93B25FD0C80}.Debug|Any CPU.Build.0 = Debug|Any CPU
		{DA4CD0C9-A81A-4CAF-BBA3-A93B25FD0C80}.Release|Any CPU.ActiveCfg = Release|Any CPU
		{DA4CD0C9-A81A-4CAF-BBA3-A93B25FD0C80}.Release|Any CPU.Build.0 = Release|Any CPU
		{13B70B64-7B67-4F67-9BF8-C3F54EA9C311}.Debug|Any CPU.ActiveCfg = Debug|Any CPU
		{13B70B64-7B67-4F67-9BF8-C3F54EA9C311}.Debug|Any CPU.Build.0 = Debug|Any CPU
		{13B70B64-7B67-4F67-9BF8-C3F54EA9C311}.Release|Any CPU.ActiveCfg = Release|Any CPU
		{13B70B64-7B67-4F67-9BF8-C3F54EA9C311}.Release|Any CPU.Build.0 = Release|Any CPU
		{DF59F21C-422C-4EAD-BFD7-236082407894}.Debug|Any CPU.ActiveCfg = Debug|Any CPU
		{DF59F21C-422C-4EAD-BFD7-236082407894}.Debug|Any CPU.Build.0 = Debug|Any CPU
		{DF59F21C-422C-4EAD-BFD7-236082407894}.Release|Any CPU.ActiveCfg = Release|Any CPU
		{DF59F21C-422C-4EAD-BFD7-236082407894}.Release|Any CPU.Build.0 = Release|Any CPU
	EndGlobalSection
	GlobalSection(SolutionProperties) = preSolution
		HideSolutionNode = FALSE
	EndGlobalSection
	GlobalSection(NestedProjects) = preSolution
		{BBCF1672-3A63-421B-B28F-ADA752F913DE} = {40F7A338-16C8-470E-A3B9-A34C8E401213}
		{A7155758-74E0-4B4C-B019-BC4335721098} = {88D7339B-D38A-4B61-BF55-6BC127D0EAA5}
		{D472588E-EFD1-4B4A-8B36-58223E0B0574} = {DA7F6B62-5ACE-4AA2-9CA3-CA5E7A88966B}
		{957B14D8-365C-448A-915C-4C842A100938} = {DA7F6B62-5ACE-4AA2-9CA3-CA5E7A88966B}
		{3F357DE7-DBB5-458E-8405-EA09748945F5} = {88D7339B-D38A-4B61-BF55-6BC127D0EAA5}
		{AD6F3927-DA6B-47BC-9365-1BBE7BD87E75} = {DA7F6B62-5ACE-4AA2-9CA3-CA5E7A88966B}
		{DA4CD0C9-A81A-4CAF-BBA3-A93B25FD0C80} = {DA7F6B62-5ACE-4AA2-9CA3-CA5E7A88966B}
		{13B70B64-7B67-4F67-9BF8-C3F54EA9C311} = {DA7F6B62-5ACE-4AA2-9CA3-CA5E7A88966B}
		{DF59F21C-422C-4EAD-BFD7-236082407894} = {DA7F6B62-5ACE-4AA2-9CA3-CA5E7A88966B}
	EndGlobalSection
	GlobalSection(ExtensibilityGlobals) = postSolution
		SolutionGuid = {009153D6-D923-4A27-881C-6F6042BD803F}
	EndGlobalSection
EndGlobal
